Microsoft Visual Studio Solution File, Format Version 12.00
# Visual Studio Version 18
VisualStudioVersion = 18.6.11822.322 stable
MinimumVisualStudioVersion = 10.0.40219.1
Project("{FAE04EC0-301F-11D3-BF4B-00C04F79EFBC}") = "AI.GitHubManager.App", "src\AI.GitHubManager.App\AI.GitHubManager.App.csproj", "{6B82E11B-C6F4-4D49-9230-B3ED691A8161}"
EndProject
Project("{FAE04EC0-301F-11D3-BF4B-00C04F79EFBC}") = "AI.GitHubManager.Core", "src\AI.GitHubManager.Core\AI.GitHubManager.Core.csproj", "{E7B7F390-3257-43C7-8D73-7234D0CCBB50}"
EndProject
Project("{FAE04EC0-301F-11D3-BF4B-00C04F79EFBC}") = "AI.GitHubManager.Data", "src\AI.GitHubManager.Data\AI.GitHubManager.Data.csproj", "{56CC8175-21F3-4676-9449-19BD76869508}"
EndProject
Project("{FAE04EC0-301F-11D3-BF4B-00C04F79EFBC}") = "AI.GitHubManager.Tests", "tests\AI.GitHubManager.Tests\AI.GitHubManager.Tests.csproj", "{C1A2B3D4-E5F6-7890-ABCD-EF1234567890}"
EndProject
Global
	GlobalSection(SolutionConfigurationPlatforms) = preSolution
		Debug|Any CPU = Debug|Any CPU
		Release|Any CPU = Release|Any CPU
	EndGlobalSection
	GlobalSection(ProjectConfigurationPlatforms) = postSolution
		{6B82E11B-C6F4-4D49-9230-B3ED691A8161}.Debug|Any CPU.ActiveCfg = Debug|Any CPU
		{6B82E11B-C6F4-4D49-9230-B3ED691A8161}.Debug|Any CPU.Build.0 = Debug|Any CPU
		{6B82E11B-C6F4-4D49-9230-B3ED691A8161}.Release|Any CPU.ActiveCfg = Release|Any CPU
		{6B82E11B-C6F4-4D49-9230-B3ED691A8161}.Release|Any CPU.Build.0 = Release|Any CPU
		{E7B7F390-3257-43C7-8D73-7234D0CCBB50}.Debug|Any CPU.ActiveCfg = Debug|Any CPU
		{E7B7F390-3257-43C7-8D73-7234D0CCBB50}.Debug|Any CPU.Build.0 = Debug|Any CPU
		{E7B7F390-3257-43C7-8D73-7234D0CCBB50}.Release|Any CPU.ActiveCfg = Release|Any CPU
		{E7B7F390-3257-43C7-8D73-7234D0CCBB50}.Release|Any CPU.Build.0 = Release|Any CPU
		{56CC8175-21F3-4676-9449-19BD76869508}.Debug|Any CPU.ActiveCfg = Debug|Any CPU
		{56CC8175-21F3-4676-9449-19BD76869508}.Debug|Any CPU.Build.0 = Debug|Any CPU
		{56CC8175-21F3-4676-9449-19BD76869508}.Release|Any CPU.ActiveCfg = Release|Any CPU
		{56CC8175-21F3-4676-9449-19BD76869508}.Release|Any CPU.Build.0 = Release|Any CPU
		{C1A2B3D4-E5F6-7890-ABCD-EF1234567890}.Debug|Any CPU.ActiveCfg = Debug|Any CPU
		{C1A2B3D4-E5F6-7890-ABCD-EF1234567890}.Debug|Any CPU.Build.0 = Debug|Any CPU
		{C1A2B3D4-E5F6-7890-ABCD-EF1234567890}.Release|Any CPU.ActiveCfg = Release|Any CPU
		{C1A2B3D4-E5F6-7890-ABCD-EF1234567890}.Release|Any CPU.Build.0 = Release|Any CPU
	EndGlobalSection
	GlobalSection(SolutionProperties) = preSolution
		HideSolutionNode = FALSE
	EndGlobalSection
EndGlobal
